{
  "version": "3",
  "redirects": {
    "https://deno.land/std/testing/asserts.ts": "https://deno.land/std@0.178.0/testing/asserts.ts"
  },
  "remote": {
    "https://deno.land/std@0.178.0/fmt/colors.ts": "938c5d44d889fb82eff6c358bea8baa7e85950a16c9f6dae3ec3a7a729164471",
    "https://deno.land/std@0.178.0/testing/_diff.ts": "1a3c044aedf77647d6cac86b798c6417603361b66b54c53331b312caeb447aea",
    "https://deno.land/std@0.178.0/testing/_format.ts": "a69126e8a469009adf4cf2a50af889aca364c349797e63174884a52ff75cf4c7",
    "https://deno.land/std@0.178.0/testing/asserts.ts": "984ab0bfb3faeed92ffaa3a6b06536c66811185328c5dd146257c702c41b01ab",
    "https://deno.land/x/byte_type@0.1.7/ffi.ts": "5bc603fd9d0b695bcd1bdaeb45e6e34b0925d5cd8da41ceaec290570a55287e0"
  }
}
